
Microsoft Visual Studio Solution File, Format Version 12.00
# Visual Studio Version 17
VisualStudioVersion = 17.4.32916.344
MinimumVisualStudioVersion = 10.0.40219.1
Project("{FAE04EC0-301F-11D3-BF4B-00C04F79EFBC}") = "ShopOnline.Web", "ShopOnline.Web\ShopOnline.Web.csproj", "{20BC9A72-24CF-4E99-A634-DA6BF94679A2}"
EndProject
Project("{FAE04EC0-301F-11D3-BF4B-00C04F79EFBC}") = "ShopOnline.Api", "ShopOnline.Api\ShopOnline.Api.csproj", "{133C2ACA-6A05-4E85-B59B-C048A2CB758A}"
EndProject
Global
	GlobalSection(SolutionConfigurationPlatforms) = preSolution
		Debug|Any CPU = Debug|Any CPU
		Release|Any CPU = Release|Any CPU
	EndGlobalSection
	GlobalSection(ProjectConfigurationPlatforms) = postSolution
		{20BC9A72-24CF-4E99-A634-DA6BF94679A2}.Debug|Any CPU.ActiveCfg = Debug|Any CPU
		{20BC9A72-24CF-4E99-A634-DA6BF94679A2}.Debug|Any CPU.Build.0 = Debug|Any CPU
		{20BC9A72-24CF-4E99-A634-DA6BF94679A2}.Release|Any CPU.ActiveCfg = Release|Any CPU
		{20BC9A72-24CF-4E99-A634-DA6BF94679A2}.Release|Any CPU.Build.0 = Release|Any CPU
		{133C2ACA-6A05-4E85-B59B-C048A2CB758A}.Debug|Any CPU.ActiveCfg = Debug|Any CPU
		{133C2ACA-6A05-4E85-B59B-C048A2CB758A}.Debug|Any CPU.Build.0 = Debug|Any CPU
		{133C2ACA-6A05-4E85-B59B-C048A2CB758A}.Release|Any CPU.ActiveCfg = Release|Any CPU
		{133C2ACA-6A05-4E85-B59B-C048A2CB758A}.Release|Any CPU.Build.0 = Release|Any CPU
	EndGlobalSection
	GlobalSection(SolutionProperties) = preSolution
		HideSolutionNode = FALSE
	EndGlobalSection
	GlobalSection(ExtensibilityGlobals) = postSolution
		SolutionGuid = {E7A80952-8B4E-4255-B76A-451CD6ABFD57}
	EndGlobalSection
EndGlobal
